
Microsoft Visual Studio Solution File, Format Version 12.00
# Visual Studio 15
Project("{FAE04EC0-301F-11D3-BF4B-00C04F79EFBC}") = "UnityEngine.TestRunner", "UnityEngine.TestRunner.csproj", "{6946CDDB-7F17-9F42-AB69-1AED88C34151}"
EndProject
Project("{FAE04EC0-301F-11D3-BF4B-00C04F79EFBC}") = "UnityEngine.UI", "UnityEngine.UI.csproj", "{C873BB26-1554-2678-D343-312290E6C39A}"
EndProject
Project("{FAE04EC0-301F-11D3-BF4B-00C04F79EFBC}") = "Unity.TextMeshPro", "Unity.TextMeshPro.csproj", "{48D14B21-E505-151A-3B87-F4C4A977BBAD}"
EndProject
Project("{FAE04EC0-301F-11D3-BF4B-00C04F79EFBC}") = "Unity.Timeline", "Unity.Timeline.csproj", "{A6FCEF99-780D-FA03-CD49-3B58519DEAE2}"
EndProject
Project("{FAE04EC0-301F-11D3-BF4B-00C04F79EFBC}") = "OneSignal.Core", "OneSignal.Core.csproj", "{51230A0A-CBA3-5018-338B-3C8ED1C7EBAD}"
EndProject
Project("{FAE04EC0-301F-11D3-BF4B-00C04F79EFBC}") = "AppsFlyer", "AppsFlyer.csproj", "{3F92F444-323A-9070-73DB-A7BEE9FAD620}"
EndProject
Project("{FAE04EC0-301F-11D3-BF4B-00C04F79EFBC}") = "Assembly-CSharp", "Assembly-CSharp.csproj", "{26005786-6F87-D14A-9974-E2C6B23063D5}"
EndProject
Project("{FAE04EC0-301F-11D3-BF4B-00C04F79EFBC}") = "OneSignal.UnityPackage.Example", "OneSignal.UnityPackage.Example.csproj", "{B47ECF9A-5B56-ABD1-4512-D70FB96B7856}"
EndProject
Project("{FAE04EC0-301F-11D3-BF4B-00C04F79EFBC}") = "OneSignal.UnityPackage.Attribution", "OneSignal.UnityPackage.Attribution.csproj", "{622C27F1-28E6-A611-E037-7F007B245689}"
EndProject
Project("{FAE04EC0-301F-11D3-BF4B-00C04F79EFBC}") = "Tests", "Tests.csproj", "{54B79E45-FFB3-198F-1BC9-A21989AF9C92}"
EndProject
Project("{FAE04EC0-301F-11D3-BF4B-00C04F79EFBC}") = "UnityEditor.TestRunner", "UnityEditor.TestRunner.csproj", "{B8FA5231-80A0-DF9B-B26C-04EB7BBB1B5F}"
EndProject
Project("{FAE04EC0-301F-11D3-BF4B-00C04F79EFBC}") = "Unity.VisualStudio.Editor", "Unity.VisualStudio.Editor.csproj", "{DE33B959-CDDB-9492-D679-FAE7DB02A537}"
EndProject
Project("{FAE04EC0-301F-11D3-BF4B-00C04F79EFBC}") = "Unity.TextMeshPro.Editor", "Unity.TextMeshPro.Editor.csproj", "{398DBB1E-2F9C-7805-0496-7E54039C70FC}"
EndProject
Project("{FAE04EC0-301F-11D3-BF4B-00C04F79EFBC}") = "Unity.Timeline.Editor", "Unity.Timeline.Editor.csproj", "{F84EB7B0-45D2-2F6F-3575-B7098B7075DF}"
EndProject
Project("{FAE04EC0-301F-11D3-BF4B-00C04F79EFBC}") = "Unity.PlasticSCM.Editor", "Unity.PlasticSCM.Editor.csproj", "{50FE4FA8-F270-8058-F5B2-2E72FA36C912}"
EndProject
Project("{FAE04EC0-301F-11D3-BF4B-00C04F79EFBC}") = "UnityEditor.UI", "UnityEditor.UI.csproj", "{7350020C-9293-09DD-9A6E-FEEBF9CB8094}"
EndProject
Project("{FAE04EC0-301F-11D3-BF4B-00C04F79EFBC}") = "Unity.Rider.Editor", "Unity.Rider.Editor.csproj", "{EABC3C77-0982-F5DB-BEE8-17C59AB5C129}"
EndProject
Project("{FAE04EC0-301F-11D3-BF4B-00C04F79EFBC}") = "Unity.CollabProxy.Editor", "Unity.CollabProxy.Editor.csproj", "{12061EDB-AF1C-88B9-F87D-3D6A4044C72D}"
EndProject
Project("{FAE04EC0-301F-11D3-BF4B-00C04F79EFBC}") = "Unity.VSCode.Editor", "Unity.VSCode.Editor.csproj", "{D4A2E512-14AA-5213-2E34-8C626E3CE5D6}"
EndProject
Project("{FAE04EC0-301F-11D3-BF4B-00C04F79EFBC}") = "OneSignal.UnityPackage.Editor", "OneSignal.UnityPackage.Editor.csproj", "{71E78273-FDE4-1183-1FD0-D954A9C14746}"
EndProject
Project("{FAE04EC0-301F-11D3-BF4B-00C04F79EFBC}") = "OneSignal.iOS.Editor", "OneSignal.iOS.Editor.csproj", "{72F59DCC-133A-5B48-ECBD-61174B2648BE}"
EndProject
Project("{FAE04EC0-301F-11D3-BF4B-00C04F79EFBC}") = "OneSignal.Core.Editor", "OneSignal.Core.Editor.csproj", "{2F22264B-B8FD-2776-7524-BBF6AB3FA2A4}"
EndProject
Project("{FAE04EC0-301F-11D3-BF4B-00C04F79EFBC}") = "AppsFlyer.Editor", "AppsFlyer.Editor.csproj", "{554F4A15-5BB0-E0AD-1788-21B5816B32EB}"
EndProject
Project("{FAE04EC0-301F-11D3-BF4B-00C04F79EFBC}") = "OneSignal.Android.Editor", "OneSignal.Android.Editor.csproj", "{8222FF6A-6428-D1D6-1939-23B09534BD98}"
EndProject
Global
	GlobalSection(SolutionConfigurationPlatforms) = preSolution
		Debug|Any CPU = Debug|Any CPU
		Release|Any CPU = Release|Any CPU
	EndGlobalSection
	GlobalSection(ProjectConfigurationPlatforms) = postSolution
		{6946CDDB-7F17-9F42-AB69-1AED88C34151}.Debug|Any CPU.ActiveCfg = Debug|Any CPU
		{6946CDDB-7F17-9F42-AB69-1AED88C34151}.Debug|Any CPU.Build.0 = Debug|Any CPU
		{6946CDDB-7F17-9F42-AB69-1AED88C34151}.Release|Any CPU.ActiveCfg = Release|Any CPU
		{6946CDDB-7F17-9F42-AB69-1AED88C34151}.Release|Any CPU.Build.0 = Release|Any CPU
		{C873BB26-1554-2678-D343-312290E6C39A}.Debug|Any CPU.ActiveCfg = Debug|Any CPU
		{C873BB26-1554-2678-D343-312290E6C39A}.Debug|Any CPU.Build.0 = Debug|Any CPU
		{C873BB26-1554-2678-D343-312290E6C39A}.Release|Any CPU.ActiveCfg = Release|Any CPU
		{C873BB26-1554-2678-D343-312290E6C39A}.Release|Any CPU.Build.0 = Release|Any CPU
		{48D14B21-E505-151A-3B87-F4C4A977BBAD}.Debug|Any CPU.ActiveCfg = Debug|Any CPU
		{48D14B21-E505-151A-3B87-F4C4A977BBAD}.Debug|Any CPU.Build.0 = Debug|Any CPU
		{48D14B21-E505-151A-3B87-F4C4A977BBAD}.Release|Any CPU.ActiveCfg = Release|Any CPU
		{48D14B21-E505-151A-3B87-F4C4A977BBAD}.Release|Any CPU.Build.0 = Release|Any CPU
		{A6FCEF99-780D-FA03-CD49-3B58519DEAE2}.Debug|Any CPU.ActiveCfg = Debug|Any CPU
		{A6FCEF99-780D-FA03-CD49-3B58519DEAE2}.Debug|Any CPU.Build.0 = Debug|Any CPU
		{A6FCEF99-780D-FA03-CD49-3B58519DEAE2}.Release|Any CPU.ActiveCfg = Release|Any CPU
		{A6FCEF99-780D-FA03-CD49-3B58519DEAE2}.Release|Any CPU.Build.0 = Release|Any CPU
		{51230A0A-CBA3-5018-338B-3C8ED1C7EBAD}.Debug|Any CPU.ActiveCfg = Debug|Any CPU
		{51230A0A-CBA3-5018-338B-3C8ED1C7EBAD}.Debug|Any CPU.Build.0 = Debug|Any CPU
		{51230A0A-CBA3-5018-338B-3C8ED1C7EBAD}.Release|Any CPU.ActiveCfg = Release|Any CPU
		{51230A0A-CBA3-5018-338B-3C8ED1C7EBAD}.Release|Any CPU.Build.0 = Release|Any CPU
		{3F92F444-323A-9070-73DB-A7BEE9FAD620}.Debug|Any CPU.ActiveCfg = Debug|Any CPU
		{3F92F444-323A-9070-73DB-A7BEE9FAD620}.Debug|Any CPU.Build.0 = Debug|Any CPU
		{3F92F444-323A-9070-73DB-A7BEE9FAD620}.Release|Any CPU.ActiveCfg = Release|Any CPU
		{3F92F444-323A-9070-73DB-A7BEE9FAD620}.Release|Any CPU.Build.0 = Release|Any CPU
		{26005786-6F87-D14A-9974-E2C6B23063D5}.Debug|Any CPU.ActiveCfg = Debug|Any CPU
		{26005786-6F87-D14A-9974-E2C6B23063D5}.Debug|Any CPU.Build.0 = Debug|Any CPU
		{26005786-6F87-D14A-9974-E2C6B23063D5}.Release|Any CPU.ActiveCfg = Release|Any CPU
		{26005786-6F87-D14A-9974-E2C6B23063D5}.Release|Any CPU.Build.0 = Release|Any CPU
		{B47ECF9A-5B56-ABD1-4512-D70FB96B7856}.Debug|Any CPU.ActiveCfg = Debug|Any CPU
		{B47ECF9A-5B56-ABD1-4512-D70FB96B7856}.Debug|Any CPU.Build.0 = Debug|Any CPU
		{B47ECF9A-5B56-ABD1-4512-D70FB96B7856}.Release|Any CPU.ActiveCfg = Release|Any CPU
		{B47ECF9A-5B56-ABD1-4512-D70FB96B7856}.Release|Any CPU.Build.0 = Release|Any CPU
		{622C27F1-28E6-A611-E037-7F007B245689}.Debug|Any CPU.ActiveCfg = Debug|Any CPU
		{622C27F1-28E6-A611-E037-7F007B245689}.Debug|Any CPU.Build.0 = Debug|Any CPU
		{622C27F1-28E6-A611-E037-7F007B245689}.Release|Any CPU.ActiveCfg = Release|Any CPU
		{622C27F1-28E6-A611-E037-7F007B245689}.Release|Any CPU.Build.0 = Release|Any CPU
		{54B79E45-FFB3-198F-1BC9-A21989AF9C92}.Debug|Any CPU.ActiveCfg = Debug|Any CPU
		{54B79E45-FFB3-198F-1BC9-A21989AF9C92}.Debug|Any CPU.Build.0 = Debug|Any CPU
		{54B79E45-FFB3-198F-1BC9-A21989AF9C92}.Release|Any CPU.ActiveCfg = Release|Any CPU
		{54B79E45-FFB3-198F-1BC9-A21989AF9C92}.Release|Any CPU.Build.0 = Release|Any CPU
		{B8FA5231-80A0-DF9B-B26C-04EB7BBB1B5F}.Debug|Any CPU.ActiveCfg = Debug|Any CPU
		{B8FA5231-80A0-DF9B-B26C-04EB7BBB1B5F}.Debug|Any CPU.Build.0 = Debug|Any CPU
		{B8FA5231-80A0-DF9B-B26C-04EB7BBB1B5F}.Release|Any CPU.ActiveCfg = Release|Any CPU
		{B8FA5231-80A0-DF9B-B26C-04EB7BBB1B5F}.Release|Any CPU.Build.0 = Release|Any CPU
		{DE33B959-CDDB-9492-D679-FAE7DB02A537}.Debug|Any CPU.ActiveCfg = Debug|Any CPU
		{DE33B959-CDDB-9492-D679-FAE7DB02A537}.Debug|Any CPU.Build.0 = Debug|Any CPU
		{DE33B959-CDDB-9492-D679-FAE7DB02A537}.Release|Any CPU.ActiveCfg = Release|Any CPU
		{DE33B959-CDDB-9492-D679-FAE7DB02A537}.Release|Any CPU.Build.0 = Release|Any CPU
		{398DBB1E-2F9C-7805-0496-7E54039C70FC}.Debug|Any CPU.ActiveCfg = Debug|Any CPU
		{398DBB1E-2F9C-7805-0496-7E54039C70FC}.Debug|Any CPU.Build.0 = Debug|Any CPU
		{398DBB1E-2F9C-7805-0496-7E54039C70FC}.Release|Any CPU.ActiveCfg = Release|Any CPU
		{398DBB1E-2F9C-7805-0496-7E54039C70FC}.Release|Any CPU.Build.0 = Release|Any CPU
		{F84EB7B0-45D2-2F6F-3575-B7098B7075DF}.Debug|Any CPU.ActiveCfg = Debug|Any CPU
		{F84EB7B0-45D2-2F6F-3575-B7098B7075DF}.Debug|Any CPU.Build.0 = Debug|Any CPU
		{F84EB7B0-45D2-2F6F-3575-B7098B7075DF}.Release|Any CPU.ActiveCfg = Release|Any CPU
		{F84EB7B0-45D2-2F6F-3575-B7098B7075DF}.Release|Any CPU.Build.0 = Release|Any CPU
		{50FE4FA8-F270-8058-F5B2-2E72FA36C912}.Debug|Any CPU.ActiveCfg = Debug|Any CPU
		{50FE4FA8-F270-8058-F5B2-2E72FA36C912}.Debug|Any CPU.Build.0 = Debug|Any CPU
		{50FE4FA8-F270-8058-F5B2-2E72FA36C912}.Release|Any CPU.ActiveCfg = Release|Any CPU
		{50FE4FA8-F270-8058-F5B2-2E72FA36C912}.Release|Any CPU.Build.0 = Release|Any CPU
		{7350020C-9293-09DD-9A6E-FEEBF9CB8094}.Debug|Any CPU.ActiveCfg = Debug|Any CPU
		{7350020C-9293-09DD-9A6E-FEEBF9CB8094}.Debug|Any CPU.Build.0 = Debug|Any CPU
		{7350020C-9293-09DD-9A6E-FEEBF9CB8094}.Release|Any CPU.ActiveCfg = Release|Any CPU
		{7350020C-9293-09DD-9A6E-FEEBF9CB8094}.Release|Any CPU.Build.0 = Release|Any CPU
		{EABC3C77-0982-F5DB-BEE8-17C59AB5C129}.Debug|Any CPU.ActiveCfg = Debug|Any CPU
		{EABC3C77-0982-F5DB-BEE8-17C59AB5C129}.Debug|Any CPU.Build.0 = Debug|Any CPU
		{EABC3C77-0982-F5DB-BEE8-17C59AB5C129}.Release|Any CPU.ActiveCfg = Release|Any CPU
		{EABC3C77-0982-F5DB-BEE8-17C59AB5C129}.Release|Any CPU.Build.0 = Release|Any CPU
		{12061EDB-AF1C-88B9-F87D-3D6A4044C72D}.Debug|Any CPU.ActiveCfg = Debug|Any CPU
		{12061EDB-AF1C-88B9-F87D-3D6A4044C72D}.Debug|Any CPU.Build.0 = Debug|Any CPU
		{12061EDB-AF1C-88B9-F87D-3D6A4044C72D}.Release|Any CPU.ActiveCfg = Release|Any CPU
		{12061EDB-AF1C-88B9-F87D-3D6A4044C72D}.Release|Any CPU.Build.0 = Release|Any CPU
		{D4A2E512-14AA-5213-2E34-8C626E3CE5D6}.Debug|Any CPU.ActiveCfg = Debug|Any CPU
		{D4A2E512-14AA-5213-2E34-8C626E3CE5D6}.Debug|Any CPU.Build.0 = Debug|Any CPU
		{D4A2E512-14AA-5213-2E34-8C626E3CE5D6}.Release|Any CPU.ActiveCfg = Release|Any CPU
		{D4A2E512-14AA-5213-2E34-8C626E3CE5D6}.Release|Any CPU.Build.0 = Release|Any CPU
		{71E78273-FDE4-1183-1FD0-D954A9C14746}.Debug|Any CPU.ActiveCfg = Debug|Any CPU
		{71E78273-FDE4-1183-1FD0-D954A9C14746}.Debug|Any CPU.Build.0 = Debug|Any CPU
		{71E78273-FDE4-1183-1FD0-D954A9C14746}.Release|Any CPU.ActiveCfg = Release|Any CPU
		{71E78273-FDE4-1183-1FD0-D954A9C14746}.Release|Any CPU.Build.0 = Release|Any CPU
		{72F59DCC-133A-5B48-ECBD-61174B2648BE}.Debug|Any CPU.ActiveCfg = Debug|Any CPU
		{72F59DCC-133A-5B48-ECBD-61174B2648BE}.Debug|Any CPU.Build.0 = Debug|Any CPU
		{72F59DCC-133A-5B48-ECBD-61174B2648BE}.Release|Any CPU.ActiveCfg = Release|Any CPU
		{72F59DCC-133A-5B48-ECBD-61174B2648BE}.Release|Any CPU.Build.0 = Release|Any CPU
		{2F22264B-B8FD-2776-7524-BBF6AB3FA2A4}.Debug|Any CPU.ActiveCfg = Debug|Any CPU
		{2F22264B-B8FD-2776-7524-BBF6AB3FA2A4}.Debug|Any CPU.Build.0 = Debug|Any CPU
		{2F22264B-B8FD-2776-7524-BBF6AB3FA2A4}.Release|Any CPU.ActiveCfg = Release|Any CPU
		{2F22264B-B8FD-2776-7524-BBF6AB3FA2A4}.Release|Any CPU.Build.0 = Release|Any CPU
		{554F4A15-5BB0-E0AD-1788-21B5816B32EB}.Debug|Any CPU.ActiveCfg = Debug|Any CPU
		{554F4A15-5BB0-E0AD-1788-21B5816B32EB}.Debug|Any CPU.Build.0 = Debug|Any CPU
		{554F4A15-5BB0-E0AD-1788-21B5816B32EB}.Release|Any CPU.ActiveCfg = Release|Any CPU
		{554F4A15-5BB0-E0AD-1788-21B5816B32EB}.Release|Any CPU.Build.0 = Release|Any CPU
		{8222FF6A-6428-D1D6-1939-23B09534BD98}.Debug|Any CPU.ActiveCfg = Debug|Any CPU
		{8222FF6A-6428-D1D6-1939-23B09534BD98}.Debug|Any CPU.Build.0 = Debug|Any CPU
		{8222FF6A-6428-D1D6-1939-23B09534BD98}.Release|Any CPU.ActiveCfg = Release|Any CPU
		{8222FF6A-6428-D1D6-1939-23B09534BD98}.Release|Any CPU.Build.0 = Release|Any CPU
	EndGlobalSection
	GlobalSection(SolutionProperties) = preSolution
		HideSolutionNode = FALSE
	EndGlobalSection
EndGlobal
